
Microsoft Visual Studio Solution File, Format Version 12.00
# Visual Studio Version 16
VisualStudioVersion = 16.0.31112.23
MinimumVisualStudioVersion = 10.0.40219.1
Project("{FAE04EC0-301F-11D3-BF4B-00C04F79EFBC}") = "Project", "Project.csproj", "{05A76853-2C88-42B7-8950-91B937EAC01F}"
EndProject
Global
	GlobalSection(SolutionConfigurationPlatforms) = preSolution
		Debug|Any CPU = Debug|Any CPU
		Release|Any CPU = Release|Any CPU
	EndGlobalSection
	GlobalSection(ProjectConfigurationPlatforms) = postSolution
		{05A76853-2C88-42B7-8950-91B937EAC01F}.Debug|Any CPU.ActiveCfg = Debug|Any CPU
		{05A76853-2C88-42B7-8950-91B937EAC01F}.Debug|Any CPU.Build.0 = Debug|Any CPU
		{05A76853-2C88-42B7-8950-91B937EAC01F}.Release|Any CPU.ActiveCfg = Release|Any CPU
		{05A76853-2C88-42B7-8950-91B937EAC01F}.Release|Any CPU.Build.0 = Release|Any CPU
	EndGlobalSection
	GlobalSection(SolutionProperties) = preSolution
		HideSolutionNode = FALSE
	EndGlobalSection
	GlobalSection(ExtensibilityGlobals) = postSolution
		SolutionGuid = {87EDE972-7AED-4D94-99EC-422F72D46F22}
	EndGlobalSection
EndGlobal
